
Microsoft Visual Studio Solution File, Format Version 12.00
# Visual Studio 15
Project("{FAE04EC0-301F-11D3-BF4B-00C04F79EFBC}") = "Assembly-CSharp", "Assembly-CSharp.csproj", "{47BFF67C-AE0B-AF39-51C5-30A45270E12D}"
EndProject
Project("{FAE04EC0-301F-11D3-BF4B-00C04F79EFBC}") = "Unity.XR.Interaction.Toolkit.Samples.StarterAssets", "Unity.XR.Interaction.Toolkit.Samples.StarterAssets.csproj", "{2693F6A7-6A5A-AC2D-B95E-DD0CA246314D}"
EndProject
Project("{FAE04EC0-301F-11D3-BF4B-00C04F79EFBC}") = "Unity.XR.Interaction.Toolkit.Samples.StarterAssets.Editor", "Unity.XR.Interaction.Toolkit.Samples.StarterAssets.Editor.csproj", "{B9EA5AF7-B821-E360-9371-41EDD22F2ED2}"
EndProject
Global
	GlobalSection(SolutionConfigurationPlatforms) = preSolution
		Debug|Any CPU = Debug|Any CPU
		Release|Any CPU = Release|Any CPU
	EndGlobalSection
	GlobalSection(ProjectConfigurationPlatforms) = postSolution
		{47BFF67C-AE0B-AF39-51C5-30A45270E12D}.Debug|Any CPU.ActiveCfg = Debug|Any CPU
		{47BFF67C-AE0B-AF39-51C5-30A45270E12D}.Debug|Any CPU.Build.0 = Debug|Any CPU
		{47BFF67C-AE0B-AF39-51C5-30A45270E12D}.Release|Any CPU.ActiveCfg = Release|Any CPU
		{47BFF67C-AE0B-AF39-51C5-30A45270E12D}.Release|Any CPU.Build.0 = Release|Any CPU
		{2693F6A7-6A5A-AC2D-B95E-DD0CA246314D}.Debug|Any CPU.ActiveCfg = Debug|Any CPU
		{2693F6A7-6A5A-AC2D-B95E-DD0CA246314D}.Debug|Any CPU.Build.0 = Debug|Any CPU
		{2693F6A7-6A5A-AC2D-B95E-DD0CA246314D}.Release|Any CPU.ActiveCfg = Release|Any CPU
		{2693F6A7-6A5A-AC2D-B95E-DD0CA246314D}.Release|Any CPU.Build.0 = Release|Any CPU
		{B9EA5AF7-B821-E360-9371-41EDD22F2ED2}.Debug|Any CPU.ActiveCfg = Debug|Any CPU
		{B9EA5AF7-B821-E360-9371-41EDD22F2ED2}.Debug|Any CPU.Build.0 = Debug|Any CPU
		{B9EA5AF7-B821-E360-9371-41EDD22F2ED2}.Release|Any CPU.ActiveCfg = Release|Any CPU
		{B9EA5AF7-B821-E360-9371-41EDD22F2ED2}.Release|Any CPU.Build.0 = Release|Any CPU
	EndGlobalSection
	GlobalSection(SolutionProperties) = preSolution
		HideSolutionNode = FALSE
	EndGlobalSection
EndGlobal
